
Microsoft Visual Studio Solution File, Format Version 12.00
# Visual Studio Version 16
VisualStudioVersion = 16.0.32413.511
MinimumVisualStudioVersion = 10.0.40219.1
Project("{FAE04EC0-301F-11D3-BF4B-00C04F79EFBC}") = "Remove_Word", "Remove_Word\Remove_Word.csproj", "{271F1CB7-3DAD-41AD-8A6C-72B34E69B26A}"
EndProject
Global
	GlobalSection(SolutionConfigurationPlatforms) = preSolution
		Debug|Any CPU = Debug|Any CPU
		Release|Any CPU = Release|Any CPU
	EndGlobalSection
	GlobalSection(ProjectConfigurationPlatforms) = postSolution
		{271F1CB7-3DAD-41AD-8A6C-72B34E69B26A}.Debug|Any CPU.ActiveCfg = Debug|Any CPU
		{271F1CB7-3DAD-41AD-8A6C-72B34E69B26A}.Debug|Any CPU.Build.0 = Debug|Any CPU
		{271F1CB7-3DAD-41AD-8A6C-72B34E69B26A}.Release|Any CPU.ActiveCfg = Release|Any CPU
		{271F1CB7-3DAD-41AD-8A6C-72B34E69B26A}.Release|Any CPU.Build.0 = Release|Any CPU
	EndGlobalSection
	GlobalSection(SolutionProperties) = preSolution
		HideSolutionNode = FALSE
	EndGlobalSection
	GlobalSection(ExtensibilityGlobals) = postSolution
		SolutionGuid = {5DE637D0-3474-4A7E-97D1-30E2A61B35A4}
	EndGlobalSection
EndGlobal
