
Microsoft Visual Studio Solution File, Format Version 12.00
# Visual Studio Version 16
VisualStudioVersion = 16.0.32413.511
MinimumVisualStudioVersion = 10.0.40219.1
Project("{FAE04EC0-301F-11D3-BF4B-00C04F79EFBC}") = "Find_Frequency_In_Paragraph", "Find_Frequency_Paragraph\Find_Frequency_In_Paragraph.csproj", "{1F353C14-80EB-49C6-B1DF-85297F2ADF79}"
EndProject
Global
	GlobalSection(SolutionConfigurationPlatforms) = preSolution
		Debug|Any CPU = Debug|Any CPU
		Release|Any CPU = Release|Any CPU
	EndGlobalSection
	GlobalSection(ProjectConfigurationPlatforms) = postSolution
		{1F353C14-80EB-49C6-B1DF-85297F2ADF79}.Debug|Any CPU.ActiveCfg = Debug|Any CPU
		{1F353C14-80EB-49C6-B1DF-85297F2ADF79}.Debug|Any CPU.Build.0 = Debug|Any CPU
		{1F353C14-80EB-49C6-B1DF-85297F2ADF79}.Release|Any CPU.ActiveCfg = Release|Any CPU
		{1F353C14-80EB-49C6-B1DF-85297F2ADF79}.Release|Any CPU.Build.0 = Release|Any CPU
	EndGlobalSection
	GlobalSection(SolutionProperties) = preSolution
		HideSolutionNode = FALSE
	EndGlobalSection
	GlobalSection(ExtensibilityGlobals) = postSolution
		SolutionGuid = {2993DD99-CEAE-42FB-9EC5-EFD2D45D6D54}
	EndGlobalSection
EndGlobal
